
Microsoft Visual Studio Solution File, Format Version 12.00
# Visual Studio 2013
VisualStudioVersion = 12.0.30501.0
MinimumVisualStudioVersion = 10.0.40219.1
Project("{FAE04EC0-301F-11D3-BF4B-00C04F79EFBC}") = "quiz_app_1", "quiz_app_1\quiz_app_1.csproj", "{19A520F5-42C7-4F3A-BCBF-FD5E64648DBE}"
EndProject
Project("{2150E333-8FDC-42A3-9474-1A3956D46DE8}") = "Solution Items", "Solution Items", "{9D0FCD6A-6DFB-4138-9122-4929BF304EA6}"
	ProjectSection(SolutionItems) = preProject
		quiz_app_1\screenshot_2014_08_02[2].png = quiz_app_1\screenshot_2014_08_02[2].png
	EndProjectSection
EndProject
Global
	GlobalSection(SolutionConfigurationPlatforms) = preSolution
		Debug|Any CPU = Debug|Any CPU
		Release|Any CPU = Release|Any CPU
	EndGlobalSection
	GlobalSection(ProjectConfigurationPlatforms) = postSolution
		{19A520F5-42C7-4F3A-BCBF-FD5E64648DBE}.Debug|Any CPU.ActiveCfg = Debug|Any CPU
		{19A520F5-42C7-4F3A-BCBF-FD5E64648DBE}.Debug|Any CPU.Build.0 = Debug|Any CPU
		{19A520F5-42C7-4F3A-BCBF-FD5E64648DBE}.Release|Any CPU.ActiveCfg = Release|Any CPU
		{19A520F5-42C7-4F3A-BCBF-FD5E64648DBE}.Release|Any CPU.Build.0 = Release|Any CPU
	EndGlobalSection
	GlobalSection(SolutionProperties) = preSolution
		HideSolutionNode = FALSE
	EndGlobalSection
EndGlobal
